
Microsoft Visual Studio Solution File, Format Version 12.00
# Visual Studio Version 16
VisualStudioVersion = 16.0.29728.190
MinimumVisualStudioVersion = 10.0.40219.1
Project("{FAE04EC0-301F-11D3-BF4B-00C04F79EFBC}") = "HR_Admin", "HR_Admin\HR_Admin.csproj", "{D25C2AAA-7074-4DCB-B678-51CE65ED3645}"
EndProject
Global
	GlobalSection(SolutionConfigurationPlatforms) = preSolution
		Debug|Any CPU = Debug|Any CPU
		Release|Any CPU = Release|Any CPU
	EndGlobalSection
	GlobalSection(ProjectConfigurationPlatforms) = postSolution
		{D25C2AAA-7074-4DCB-B678-51CE65ED3645}.Debug|Any CPU.ActiveCfg = Debug|Any CPU
		{D25C2AAA-7074-4DCB-B678-51CE65ED3645}.Debug|Any CPU.Build.0 = Debug|Any CPU
		{D25C2AAA-7074-4DCB-B678-51CE65ED3645}.Release|Any CPU.ActiveCfg = Release|Any CPU
		{D25C2AAA-7074-4DCB-B678-51CE65ED3645}.Release|Any CPU.Build.0 = Release|Any CPU
	EndGlobalSection
	GlobalSection(SolutionProperties) = preSolution
		HideSolutionNode = FALSE
	EndGlobalSection
	GlobalSection(ExtensibilityGlobals) = postSolution
		SolutionGuid = {FC8FB78C-4325-44E3-8719-EAED0FE28C89}
	EndGlobalSection
EndGlobal
